{
  "object": {
    "pins": [
      {
        "package": "JavaScriptKit",
        "repositoryURL": "https://github.com/swiftwasm/JavaScriptKit.git",
        "state": {
          "branch": null,
          "revision": "309e63c03d8116210ad0437f5d1f09a26d4de48b",
          "version": "0.11.1"
        }
      },
      {
        "package": "OpenCombine",
        "repositoryURL": "https://github.com/OpenCombine/OpenCombine.git",
        "state": {
          "branch": null,
          "revision": "28993ae57de5a4ea7e164787636cafad442d568c",
          "version": "0.12.0"
        }
      },
      {
        "package": "OpenCombineJS",
        "repositoryURL": "https://github.com/swiftwasm/OpenCombineJS.git",
        "state": {
          "branch": null,
          "revision": "f1f1799ddbb9876a0ef8c5700a3b78d352d0b969",
          "version": "0.1.2"
        }
      },
      {
        "package": "swift-argument-parser",
        "repositoryURL": "https://github.com/apple/swift-argument-parser",
        "state": {
          "branch": null,
          "revision": "6b2aa2748a7881eebb9f84fb10c01293e15b52ca",
          "version": "0.5.0"
        }
      },
      {
        "package": "Benchmark",
        "repositoryURL": "https://github.com/google/swift-benchmark",
        "state": {
          "branch": null,
          "revision": "a0564bf88df5f94eec81348a2f089494c6b28d80",
          "version": "0.1.1"
        }
      },
      {
        "package": "Tokamak",
        "repositoryURL": "https://github.com/TokamakUI/Tokamak",
        "state": {
          "branch": null,
          "revision": "32616fe9d4d8dcdd6a48519e2ce8d7b0ba744434",
          "version": "0.9.0"
        }
      }
    ]
  },
  "version": 1
}
