{
  "object": {
    "pins": [
      {
        "package": "Bluetooth",
        "repositoryURL": "https://github.com/PureSwift/Bluetooth.git",
        "state": {
          "branch": null,
          "revision": "241f191e11a2061dcc979beb7d9595d701272631",
          "version": "6.2.0"
        }
      },
      {
        "package": "GATT",
        "repositoryURL": "https://github.com/PureSwift/GATT",
        "state": {
          "branch": "master",
          "revision": "76978fe8f6c52a939ddb918ebedc57b8f8e6358f",
          "version": null
        }
      },
      {
        "package": "JavaScriptKit",
        "repositoryURL": "https://github.com/swiftwasm/JavaScriptKit.git",
        "state": {
          "branch": null,
          "revision": "dac9d7b0342c5027fc74c8d2f212f10624123a7b",
          "version": "0.17.0"
        }
      },
      {
        "package": "OpenCombine",
        "repositoryURL": "https://github.com/OpenCombine/OpenCombine.git",
        "state": {
          "branch": null,
          "revision": "9cf67e363738dbab61b47fb5eaed78d3db31e5ee",
          "version": "0.13.0"
        }
      },
      {
        "package": "OpenCombineJS",
        "repositoryURL": "https://github.com/swiftwasm/OpenCombineJS.git",
        "state": {
          "branch": null,
          "revision": "e574e418ba468ff5c2d4c499eb56f108aeb4d2ba",
          "version": "0.2.0"
        }
      },
      {
        "package": "swift-argument-parser",
        "repositoryURL": "https://github.com/apple/swift-argument-parser",
        "state": {
          "branch": null,
          "revision": "fddd1c00396eed152c45a46bea9f47b98e59301d",
          "version": "1.2.0"
        }
      },
      {
        "package": "Benchmark",
        "repositoryURL": "https://github.com/google/swift-benchmark",
        "state": {
          "branch": null,
          "revision": "8163295f6fe82356b0bcf8e1ab991645de17d096",
          "version": "0.1.2"
        }
      },
      {
        "package": "Tokamak",
        "repositoryURL": "https://github.com/TokamakUI/Tokamak",
        "state": {
          "branch": null,
          "revision": "af810902bdae65f59055d43191f747b45e32e436",
          "version": "0.11.0"
        }
      }
    ]
  },
  "version": 1
}
